// !$*UTF8*$!
{
	archiveVersion = 1;
	classes = {
	};
	objectVersion = 55;
	objects = {

/* Begin PBXBuildFile section */
		8B11CFA427BEB91600BA1685 /* MineSweeper.cpp in Sources */ = {isa = PBXBuildFile; fileRef = 8B11CFA227BEB91600BA1685 /* MineSweeper.cpp */; };
		8B11CFA727BEBC9B00BA1685 /* SpriteCodex.cpp in Sources */ = {isa = PBXBuildFile; fileRef = 8B11CFA527BEBC9B00BA1685 /* SpriteCodex.cpp */; };
		8B11CFAA27BEBFCC00BA1685 /* MineField.cpp in Sources */ = {isa = PBXBuildFile; fileRef = 8B11CFA827BEBFCC00BA1685 /* MineField.cpp */; };
		8B16931927ABF86A00A8F9C3 /* PooGame.cpp in Sources */ = {isa = PBXBuildFile; fileRef = 8B16931727ABF86A00A8F9C3 /* PooGame.cpp */; };
		8B1B5ECA27A039A300381E61 /* Keyboard.cpp in Sources */ = {isa = PBXBuildFile; fileRef = 8B1B5EC827A039A300381E61 /* Keyboard.cpp */; };
		8B1DC8F227AB2FFE000751E8 /* dVec2.cpp in Sources */ = {isa = PBXBuildFile; fileRef = 8B1DC8F027AB2FFE000751E8 /* dVec2.cpp */; };
		8B1DC8F527AB3168000751E8 /* Rect.cpp in Sources */ = {isa = PBXBuildFile; fileRef = 8B1DC8F327AB3168000751E8 /* Rect.cpp */; };
		8B202A9C27ADF81D0081D9E1 /* Goal.cpp in Sources */ = {isa = PBXBuildFile; fileRef = 8B202A9A27ADF81D0081D9E1 /* Goal.cpp */; };
		8B24692F27CE41FD00611B2E /* Surface.cpp in Sources */ = {isa = PBXBuildFile; fileRef = 8B24692D27CE41FD00611B2E /* Surface.cpp */; };
		8B42B22327D0FCE2002814B9 /* Animation.cpp in Sources */ = {isa = PBXBuildFile; fileRef = 8B42B22127D0FCE2002814B9 /* Animation.cpp */; };
		8B42B22627D104DA002814B9 /* Character.cpp in Sources */ = {isa = PBXBuildFile; fileRef = 8B42B22427D104DA002814B9 /* Character.cpp */; };
		8B42B22927D1741A002814B9 /* Font.cpp in Sources */ = {isa = PBXBuildFile; fileRef = 8B42B22727D1741A002814B9 /* Font.cpp */; };
		8B4FB6FF279C361F00FFF803 /* main.cpp in Sources */ = {isa = PBXBuildFile; fileRef = 8B4FB6FE279C361F00FFF803 /* main.cpp */; };
		8B4FBEEB27B95FAA005744D4 /* Arcanoid.cpp in Sources */ = {isa = PBXBuildFile; fileRef = 8B4FBEE927B95FAA005744D4 /* Arcanoid.cpp */; };
		8B4FBEEE27B95FB3005744D4 /* Ball.cpp in Sources */ = {isa = PBXBuildFile; fileRef = 8B4FBEEC27B95FB3005744D4 /* Ball.cpp */; };
		8B4FBEF127B95FBC005744D4 /* Paddle.cpp in Sources */ = {isa = PBXBuildFile; fileRef = 8B4FBEEF27B95FBC005744D4 /* Paddle.cpp */; };
		8B4FBEF427B95FC4005744D4 /* Brick.cpp in Sources */ = {isa = PBXBuildFile; fileRef = 8B4FBEF227B95FC4005744D4 /* Brick.cpp */; };
		8B5F5B6127B3CDD800B2FA06 /* Random.cpp in Sources */ = {isa = PBXBuildFile; fileRef = 8B5F5B5F27B3CDD800B2FA06 /* Random.cpp */; };
		8B69CE1527B1EBD50037690C /* Timer.cpp in Sources */ = {isa = PBXBuildFile; fileRef = 8B69CE1327B1EBD50037690C /* Timer.cpp */; };
		8BBC6287279C438700C57020 /* Game.cpp in Sources */ = {isa = PBXBuildFile; fileRef = 8BBC6285279C438700C57020 /* Game.cpp */; };
		8BC0354327B29F0400CF431D /* SnakeGame.cpp in Sources */ = {isa = PBXBuildFile; fileRef = 8BC0354127B29F0400CF431D /* SnakeGame.cpp */; };
		8BC0354627B2A26F00CF431D /* Board.cpp in Sources */ = {isa = PBXBuildFile; fileRef = 8BC0354427B2A26F00CF431D /* Board.cpp */; };
		8BC0354927B2C6B700CF431D /* Snake.cpp in Sources */ = {isa = PBXBuildFile; fileRef = 8BC0354727B2C6B700CF431D /* Snake.cpp */; };
		8BC0355227B3270700CF431D /* iVec2.cpp in Sources */ = {isa = PBXBuildFile; fileRef = 8BC0355027B3270700CF431D /* iVec2.cpp */; };
		8BC30D60279D8AD600207324 /* Graphics.cpp in Sources */ = {isa = PBXBuildFile; fileRef = 8BC30D5E279D8AD600207324 /* Graphics.cpp */; };
		8BC30D64279D9F9400207324 /* SDL2.framework in Frameworks */ = {isa = PBXBuildFile; fileRef = 8B4FB706279C37D500FFF803 /* SDL2.framework */; };
		8BC30D65279D9F9400207324 /* SDL2.framework in Embed Frameworks */ = {isa = PBXBuildFile; fileRef = 8B4FB706279C37D500FFF803 /* SDL2.framework */; settings = {ATTRIBUTES = (CodeSignOnCopy, RemoveHeadersOnCopy, ); }; };
		8BD62F5727A1F310000B5A59 /* Mouse.cpp in Sources */ = {isa = PBXBuildFile; fileRef = 8BD62F5527A1F310000B5A59 /* Mouse.cpp */; };
		8BE8F03327A19CB5000E044C /* MainWindow.cpp in Sources */ = {isa = PBXBuildFile; fileRef = 8BE8F03127A19CB5000E044C /* MainWindow.cpp */; };
		8BF8EAB027AC7F6B003C0C9E /* Dude.cpp in Sources */ = {isa = PBXBuildFile; fileRef = 8BF8EAAE27AC7F6B003C0C9E /* Dude.cpp */; };
		8BF8EAB327AC7FCA003C0C9E /* Poo.cpp in Sources */ = {isa = PBXBuildFile; fileRef = 8BF8EAB127AC7FCA003C0C9E /* Poo.cpp */; };
/* End PBXBuildFile section */

/* Begin PBXCopyFilesBuildPhase section */
		8B4FB6F9279C361F00FFF803 /* CopyFiles */ = {
			isa = PBXCopyFilesBuildPhase;
			buildActionMask = 2147483647;
			dstPath = /usr/share/man/man1/;
			dstSubfolderSpec = 0;
			files = (
			);
			runOnlyForDeploymentPostprocessing = 1;
		};
		8BC30D66279D9F9400207324 /* Embed Frameworks */ = {
			isa = PBXCopyFilesBuildPhase;
			buildActionMask = 2147483647;
			dstPath = "";
			dstSubfolderSpec = 10;
			files = (
				8BC30D65279D9F9400207324 /* SDL2.framework in Embed Frameworks */,
			);
			name = "Embed Frameworks";
			runOnlyForDeploymentPostprocessing = 0;
		};
/* End PBXCopyFilesBuildPhase section */

/* Begin PBXFileReference section */
		8B11CFA227BEB91600BA1685 /* MineSweeper.cpp */ = {isa = PBXFileReference; lastKnownFileType = sourcecode.cpp.cpp; path = MineSweeper.cpp; sourceTree = "<group>"; };
		8B11CFA327BEB91600BA1685 /* MineSweeper.hpp */ = {isa = PBXFileReference; lastKnownFileType = sourcecode.cpp.h; path = MineSweeper.hpp; sourceTree = "<group>"; };
		8B11CFA527BEBC9B00BA1685 /* SpriteCodex.cpp */ = {isa = PBXFileReference; lastKnownFileType = sourcecode.cpp.cpp; path = SpriteCodex.cpp; sourceTree = "<group>"; };
		8B11CFA627BEBC9B00BA1685 /* SpriteCodex.hpp */ = {isa = PBXFileReference; lastKnownFileType = sourcecode.cpp.h; path = SpriteCodex.hpp; sourceTree = "<group>"; };
		8B11CFA827BEBFCC00BA1685 /* MineField.cpp */ = {isa = PBXFileReference; lastKnownFileType = sourcecode.cpp.cpp; path = MineField.cpp; sourceTree = "<group>"; };
		8B11CFA927BEBFCC00BA1685 /* MineField.hpp */ = {isa = PBXFileReference; lastKnownFileType = sourcecode.cpp.h; path = MineField.hpp; sourceTree = "<group>"; };
		8B16931727ABF86A00A8F9C3 /* PooGame.cpp */ = {isa = PBXFileReference; lastKnownFileType = sourcecode.cpp.cpp; path = PooGame.cpp; sourceTree = "<group>"; };
		8B16931827ABF86A00A8F9C3 /* PooGame.hpp */ = {isa = PBXFileReference; lastKnownFileType = sourcecode.cpp.h; path = PooGame.hpp; sourceTree = "<group>"; };
		8B1B5EC827A039A300381E61 /* Keyboard.cpp */ = {isa = PBXFileReference; lastKnownFileType = sourcecode.cpp.cpp; path = Keyboard.cpp; sourceTree = "<group>"; };
		8B1B5EC927A039A300381E61 /* Keyboard.hpp */ = {isa = PBXFileReference; lastKnownFileType = sourcecode.cpp.h; path = Keyboard.hpp; sourceTree = "<group>"; };
		8B1DC8F027AB2FFE000751E8 /* dVec2.cpp */ = {isa = PBXFileReference; lastKnownFileType = sourcecode.cpp.cpp; path = dVec2.cpp; sourceTree = "<group>"; };
		8B1DC8F127AB2FFE000751E8 /* dVec2.hpp */ = {isa = PBXFileReference; lastKnownFileType = sourcecode.cpp.h; path = dVec2.hpp; sourceTree = "<group>"; };
		8B1DC8F327AB3168000751E8 /* Rect.cpp */ = {isa = PBXFileReference; lastKnownFileType = sourcecode.cpp.cpp; path = Rect.cpp; sourceTree = "<group>"; };
		8B1DC8F427AB3168000751E8 /* Rect.hpp */ = {isa = PBXFileReference; lastKnownFileType = sourcecode.cpp.h; path = Rect.hpp; sourceTree = "<group>"; };
		8B202A9A27ADF81D0081D9E1 /* Goal.cpp */ = {isa = PBXFileReference; lastKnownFileType = sourcecode.cpp.cpp; path = Goal.cpp; sourceTree = "<group>"; };
		8B202A9B27ADF81D0081D9E1 /* Goal.hpp */ = {isa = PBXFileReference; lastKnownFileType = sourcecode.cpp.h; path = Goal.hpp; sourceTree = "<group>"; };
		8B24692D27CE41FD00611B2E /* Surface.cpp */ = {isa = PBXFileReference; lastKnownFileType = sourcecode.cpp.cpp; path = Surface.cpp; sourceTree = "<group>"; };
		8B24692E27CE41FD00611B2E /* Surface.hpp */ = {isa = PBXFileReference; lastKnownFileType = sourcecode.cpp.h; path = Surface.hpp; sourceTree = "<group>"; };
		8B42B22127D0FCE2002814B9 /* Animation.cpp */ = {isa = PBXFileReference; lastKnownFileType = sourcecode.cpp.cpp; path = Animation.cpp; sourceTree = "<group>"; };
		8B42B22227D0FCE2002814B9 /* Animation.hpp */ = {isa = PBXFileReference; lastKnownFileType = sourcecode.cpp.h; path = Animation.hpp; sourceTree = "<group>"; };
		8B42B22427D104DA002814B9 /* Character.cpp */ = {isa = PBXFileReference; lastKnownFileType = sourcecode.cpp.cpp; path = Character.cpp; sourceTree = "<group>"; };
		8B42B22527D104DA002814B9 /* Character.hpp */ = {isa = PBXFileReference; lastKnownFileType = sourcecode.cpp.h; path = Character.hpp; sourceTree = "<group>"; };
		8B42B22727D1741A002814B9 /* Font.cpp */ = {isa = PBXFileReference; lastKnownFileType = sourcecode.cpp.cpp; path = Font.cpp; sourceTree = "<group>"; };
		8B42B22827D1741A002814B9 /* Font.hpp */ = {isa = PBXFileReference; lastKnownFileType = sourcecode.cpp.h; path = Font.hpp; sourceTree = "<group>"; };
		8B4FB6FB279C361F00FFF803 /* SDLtest */ = {isa = PBXFileReference; explicitFileType = "compiled.mach-o.executable"; includeInIndex = 0; path = SDLtest; sourceTree = BUILT_PRODUCTS_DIR; };
		8B4FB6FE279C361F00FFF803 /* main.cpp */ = {isa = PBXFileReference; lastKnownFileType = sourcecode.cpp.cpp; path = main.cpp; sourceTree = "<group>"; };
		8B4FB706279C37D500FFF803 /* SDL2.framework */ = {isa = PBXFileReference; lastKnownFileType = wrapper.framework; name = SDL2.framework; path = ../../../../../Library/Frameworks/SDL2.framework; sourceTree = "<group>"; };
		8B4FBEE927B95FAA005744D4 /* Arcanoid.cpp */ = {isa = PBXFileReference; lastKnownFileType = sourcecode.cpp.cpp; path = Arcanoid.cpp; sourceTree = "<group>"; };
		8B4FBEEA27B95FAA005744D4 /* Arcanoid.hpp */ = {isa = PBXFileReference; lastKnownFileType = sourcecode.cpp.h; path = Arcanoid.hpp; sourceTree = "<group>"; };
		8B4FBEEC27B95FB3005744D4 /* Ball.cpp */ = {isa = PBXFileReference; lastKnownFileType = sourcecode.cpp.cpp; path = Ball.cpp; sourceTree = "<group>"; };
		8B4FBEED27B95FB3005744D4 /* Ball.hpp */ = {isa = PBXFileReference; lastKnownFileType = sourcecode.cpp.h; path = Ball.hpp; sourceTree = "<group>"; };
		8B4FBEEF27B95FBC005744D4 /* Paddle.cpp */ = {isa = PBXFileReference; lastKnownFileType = sourcecode.cpp.cpp; path = Paddle.cpp; sourceTree = "<group>"; };
		8B4FBEF027B95FBC005744D4 /* Paddle.hpp */ = {isa = PBXFileReference; lastKnownFileType = sourcecode.cpp.h; path = Paddle.hpp; sourceTree = "<group>"; };
		8B4FBEF227B95FC4005744D4 /* Brick.cpp */ = {isa = PBXFileReference; lastKnownFileType = sourcecode.cpp.cpp; path = Brick.cpp; sourceTree = "<group>"; };
		8B4FBEF327B95FC4005744D4 /* Brick.hpp */ = {isa = PBXFileReference; lastKnownFileType = sourcecode.cpp.h; path = Brick.hpp; sourceTree = "<group>"; };
		8B5F5B5F27B3CDD800B2FA06 /* Random.cpp */ = {isa = PBXFileReference; lastKnownFileType = sourcecode.cpp.cpp; path = Random.cpp; sourceTree = "<group>"; };
		8B5F5B6027B3CDD800B2FA06 /* Random.hpp */ = {isa = PBXFileReference; lastKnownFileType = sourcecode.cpp.h; path = Random.hpp; sourceTree = "<group>"; };
		8B69CE1327B1EBD50037690C /* Timer.cpp */ = {isa = PBXFileReference; lastKnownFileType = sourcecode.cpp.cpp; path = Timer.cpp; sourceTree = "<group>"; };
		8B69CE1427B1EBD50037690C /* Timer.hpp */ = {isa = PBXFileReference; lastKnownFileType = sourcecode.cpp.h; path = Timer.hpp; sourceTree = "<group>"; };
		8BBC6285279C438700C57020 /* Game.cpp */ = {isa = PBXFileReference; lastKnownFileType = sourcecode.cpp.cpp; path = Game.cpp; sourceTree = "<group>"; };
		8BBC6286279C438700C57020 /* Game.hpp */ = {isa = PBXFileReference; lastKnownFileType = sourcecode.cpp.h; path = Game.hpp; sourceTree = "<group>"; };
		8BC0354127B29F0400CF431D /* SnakeGame.cpp */ = {isa = PBXFileReference; lastKnownFileType = sourcecode.cpp.cpp; path = SnakeGame.cpp; sourceTree = "<group>"; };
		8BC0354227B29F0400CF431D /* SnakeGame.hpp */ = {isa = PBXFileReference; lastKnownFileType = sourcecode.cpp.h; path = SnakeGame.hpp; sourceTree = "<group>"; };
		8BC0354427B2A26F00CF431D /* Board.cpp */ = {isa = PBXFileReference; lastKnownFileType = sourcecode.cpp.cpp; path = Board.cpp; sourceTree = "<group>"; };
		8BC0354527B2A26F00CF431D /* Board.hpp */ = {isa = PBXFileReference; lastKnownFileType = sourcecode.cpp.h; path = Board.hpp; sourceTree = "<group>"; };
		8BC0354727B2C6B700CF431D /* Snake.cpp */ = {isa = PBXFileReference; lastKnownFileType = sourcecode.cpp.cpp; path = Snake.cpp; sourceTree = "<group>"; };
		8BC0354827B2C6B700CF431D /* Snake.hpp */ = {isa = PBXFileReference; lastKnownFileType = sourcecode.cpp.h; path = Snake.hpp; sourceTree = "<group>"; };
		8BC0355027B3270700CF431D /* iVec2.cpp */ = {isa = PBXFileReference; lastKnownFileType = sourcecode.cpp.cpp; path = iVec2.cpp; sourceTree = "<group>"; };
		8BC0355127B3270700CF431D /* iVec2.hpp */ = {isa = PBXFileReference; lastKnownFileType = sourcecode.cpp.h; path = iVec2.hpp; sourceTree = "<group>"; };
		8BC30D5E279D8AD600207324 /* Graphics.cpp */ = {isa = PBXFileReference; lastKnownFileType = sourcecode.cpp.cpp; path = Graphics.cpp; sourceTree = "<group>"; };
		8BC30D5F279D8AD600207324 /* Graphics.hpp */ = {isa = PBXFileReference; lastKnownFileType = sourcecode.cpp.h; path = Graphics.hpp; sourceTree = "<group>"; };
		8BC30D62279D9C1A00207324 /* Color.hpp */ = {isa = PBXFileReference; lastKnownFileType = sourcecode.cpp.h; path = Color.hpp; sourceTree = "<group>"; };
		8BD62F5527A1F310000B5A59 /* Mouse.cpp */ = {isa = PBXFileReference; lastKnownFileType = sourcecode.cpp.cpp; path = Mouse.cpp; sourceTree = "<group>"; };
		8BD62F5627A1F310000B5A59 /* Mouse.hpp */ = {isa = PBXFileReference; lastKnownFileType = sourcecode.cpp.h; path = Mouse.hpp; sourceTree = "<group>"; };
		8BE8F03127A19CB5000E044C /* MainWindow.cpp */ = {isa = PBXFileReference; lastKnownFileType = sourcecode.cpp.cpp; path = MainWindow.cpp; sourceTree = "<group>"; };
		8BE8F03227A19CB5000E044C /* MainWindow.hpp */ = {isa = PBXFileReference; lastKnownFileType = sourcecode.cpp.h; path = MainWindow.hpp; sourceTree = "<group>"; };
		8BF8EAAE27AC7F6B003C0C9E /* Dude.cpp */ = {isa = PBXFileReference; lastKnownFileType = sourcecode.cpp.cpp; path = Dude.cpp; sourceTree = "<group>"; };
		8BF8EAAF27AC7F6B003C0C9E /* Dude.hpp */ = {isa = PBXFileReference; lastKnownFileType = sourcecode.cpp.h; path = Dude.hpp; sourceTree = "<group>"; };
		8BF8EAB127AC7FCA003C0C9E /* Poo.cpp */ = {isa = PBXFileReference; lastKnownFileType = sourcecode.cpp.cpp; path = Poo.cpp; sourceTree = "<group>"; };
		8BF8EAB227AC7FCA003C0C9E /* Poo.hpp */ = {isa = PBXFileReference; lastKnownFileType = sourcecode.cpp.h; path = Poo.hpp; sourceTree = "<group>"; };
/* End PBXFileReference section */

/* Begin PBXFrameworksBuildPhase section */
		8B4FB6F8279C361F00FFF803 /* Frameworks */ = {
			isa = PBXFrameworksBuildPhase;
			buildActionMask = 2147483647;
			files = (
				8BC30D64279D9F9400207324 /* SDL2.framework in Frameworks */,
			);
			runOnlyForDeploymentPostprocessing = 0;
		};
/* End PBXFrameworksBuildPhase section */

/* Begin PBXGroup section */
		8B11CFA127BEB8F900BA1685 /* MineSweeper */ = {
			isa = PBXGroup;
			children = (
				8B11CFA227BEB91600BA1685 /* MineSweeper.cpp */,
				8B11CFA327BEB91600BA1685 /* MineSweeper.hpp */,
				8B11CFA527BEBC9B00BA1685 /* SpriteCodex.cpp */,
				8B11CFA627BEBC9B00BA1685 /* SpriteCodex.hpp */,
				8B11CFA827BEBFCC00BA1685 /* MineField.cpp */,
				8B11CFA927BEBFCC00BA1685 /* MineField.hpp */,
			);
			path = MineSweeper;
			sourceTree = "<group>";
		};
		8B4FB6F2279C361F00FFF803 = {
			isa = PBXGroup;
			children = (
				8B4FB6FD279C361F00FFF803 /* SDLtest */,
				8B4FB6FC279C361F00FFF803 /* Products */,
				8B4FB705279C37D500FFF803 /* Frameworks */,
			);
			sourceTree = "<group>";
		};
		8B4FB6FC279C361F00FFF803 /* Products */ = {
			isa = PBXGroup;
			children = (
				8B4FB6FB279C361F00FFF803 /* SDLtest */,
			);
			name = Products;
			sourceTree = "<group>";
		};
		8B4FB6FD279C361F00FFF803 /* SDLtest */ = {
			isa = PBXGroup;
			children = (
				8B11CFA127BEB8F900BA1685 /* MineSweeper */,
				8B4FBEE827B95F8C005744D4 /* Arcanoid */,
				8BC0354027B29EDC00CF431D /* Snake */,
				8BF8EAAD27AC7F54003C0C9E /* PooGame */,
				8BF8EAAC27AC7F38003C0C9E /* Game */,
				8B4FB6FE279C361F00FFF803 /* main.cpp */,
			);
			path = SDLtest;
			sourceTree = "<group>";
		};
		8B4FB705279C37D500FFF803 /* Frameworks */ = {
			isa = PBXGroup;
			children = (
				8B4FB706279C37D500FFF803 /* SDL2.framework */,
			);
			name = Frameworks;
			sourceTree = "<group>";
		};
		8B4FBEE827B95F8C005744D4 /* Arcanoid */ = {
			isa = PBXGroup;
			children = (
				8B4FBEE927B95FAA005744D4 /* Arcanoid.cpp */,
				8B4FBEEA27B95FAA005744D4 /* Arcanoid.hpp */,
				8B4FBEEC27B95FB3005744D4 /* Ball.cpp */,
				8B4FBEED27B95FB3005744D4 /* Ball.hpp */,
				8B4FBEEF27B95FBC005744D4 /* Paddle.cpp */,
				8B4FBEF027B95FBC005744D4 /* Paddle.hpp */,
				8B4FBEF227B95FC4005744D4 /* Brick.cpp */,
				8B4FBEF327B95FC4005744D4 /* Brick.hpp */,
			);
			path = Arcanoid;
			sourceTree = "<group>";
		};
		8BC0354027B29EDC00CF431D /* Snake */ = {
			isa = PBXGroup;
			children = (
				8BC0354127B29F0400CF431D /* SnakeGame.cpp */,
				8BC0354227B29F0400CF431D /* SnakeGame.hpp */,
				8BC0354427B2A26F00CF431D /* Board.cpp */,
				8BC0354527B2A26F00CF431D /* Board.hpp */,
				8BC0354727B2C6B700CF431D /* Snake.cpp */,
				8BC0354827B2C6B700CF431D /* Snake.hpp */,
			);
			path = Snake;
			sourceTree = "<group>";
		};
		8BF8EAAC27AC7F38003C0C9E /* Game */ = {
			isa = PBXGroup;
			children = (
				8BBC6285279C438700C57020 /* Game.cpp */,
				8BBC6286279C438700C57020 /* Game.hpp */,
				8BC30D5E279D8AD600207324 /* Graphics.cpp */,
				8BC30D5F279D8AD600207324 /* Graphics.hpp */,
				8BC30D62279D9C1A00207324 /* Color.hpp */,
				8B1B5EC827A039A300381E61 /* Keyboard.cpp */,
				8B1B5EC927A039A300381E61 /* Keyboard.hpp */,
				8BE8F03127A19CB5000E044C /* MainWindow.cpp */,
				8BE8F03227A19CB5000E044C /* MainWindow.hpp */,
				8BD62F5527A1F310000B5A59 /* Mouse.cpp */,
				8BD62F5627A1F310000B5A59 /* Mouse.hpp */,
				8B1DC8F027AB2FFE000751E8 /* dVec2.cpp */,
				8B1DC8F127AB2FFE000751E8 /* dVec2.hpp */,
				8B1DC8F327AB3168000751E8 /* Rect.cpp */,
				8B1DC8F427AB3168000751E8 /* Rect.hpp */,
				8B69CE1327B1EBD50037690C /* Timer.cpp */,
				8B69CE1427B1EBD50037690C /* Timer.hpp */,
				8BC0355027B3270700CF431D /* iVec2.cpp */,
				8BC0355127B3270700CF431D /* iVec2.hpp */,
				8B5F5B5F27B3CDD800B2FA06 /* Random.cpp */,
				8B5F5B6027B3CDD800B2FA06 /* Random.hpp */,
				8B24692D27CE41FD00611B2E /* Surface.cpp */,
				8B24692E27CE41FD00611B2E /* Surface.hpp */,
				8B42B22127D0FCE2002814B9 /* Animation.cpp */,
				8B42B22227D0FCE2002814B9 /* Animation.hpp */,
				8B42B22427D104DA002814B9 /* Character.cpp */,
				8B42B22527D104DA002814B9 /* Character.hpp */,
				8B42B22727D1741A002814B9 /* Font.cpp */,
				8B42B22827D1741A002814B9 /* Font.hpp */,
			);
			path = Game;
			sourceTree = "<group>";
		};
		8BF8EAAD27AC7F54003C0C9E /* PooGame */ = {
			isa = PBXGroup;
			children = (
				8B16931727ABF86A00A8F9C3 /* PooGame.cpp */,
				8B16931827ABF86A00A8F9C3 /* PooGame.hpp */,
				8BF8EAAE27AC7F6B003C0C9E /* Dude.cpp */,
				8BF8EAAF27AC7F6B003C0C9E /* Dude.hpp */,
				8BF8EAB127AC7FCA003C0C9E /* Poo.cpp */,
				8BF8EAB227AC7FCA003C0C9E /* Poo.hpp */,
				8B202A9A27ADF81D0081D9E1 /* Goal.cpp */,
				8B202A9B27ADF81D0081D9E1 /* Goal.hpp */,
			);
			path = PooGame;
			sourceTree = "<group>";
		};
/* End PBXGroup section */

/* Begin PBXNativeTarget section */
		8B4FB6FA279C361F00FFF803 /* SDLtest */ = {
			isa = PBXNativeTarget;
			buildConfigurationList = 8B4FB702279C361F00FFF803 /* Build configuration list for PBXNativeTarget "SDLtest" */;
			buildPhases = (
				8B4FB6F7279C361F00FFF803 /* Sources */,
				8B4FB6F8279C361F00FFF803 /* Frameworks */,
				8B4FB6F9279C361F00FFF803 /* CopyFiles */,
				8BC30D66279D9F9400207324 /* Embed Frameworks */,
			);
			buildRules = (
			);
			dependencies = (
			);
			name = SDLtest;
			productName = SDLtest;
			productReference = 8B4FB6FB279C361F00FFF803 /* SDLtest */;
			productType = "com.apple.product-type.tool";
		};
/* End PBXNativeTarget section */

/* Begin PBXProject section */
		8B4FB6F3279C361F00FFF803 /* Project object */ = {
			isa = PBXProject;
			attributes = {
				BuildIndependentTargetsInParallel = 1;
				LastUpgradeCheck = 1320;
				TargetAttributes = {
					8B4FB6FA279C361F00FFF803 = {
						CreatedOnToolsVersion = 13.2.1;
					};
				};
			};
			buildConfigurationList = 8B4FB6F6279C361F00FFF803 /* Build configuration list for PBXProject "SDLtest" */;
			compatibilityVersion = "Xcode 13.0";
			developmentRegion = en;
			hasScannedForEncodings = 0;
			knownRegions = (
				en,
				Base,
			);
			mainGroup = 8B4FB6F2279C361F00FFF803;
			productRefGroup = 8B4FB6FC279C361F00FFF803 /* Products */;
			projectDirPath = "";
			projectRoot = "";
			targets = (
				8B4FB6FA279C361F00FFF803 /* SDLtest */,
			);
		};
/* End PBXProject section */

/* Begin PBXSourcesBuildPhase section */
		8B4FB6F7279C361F00FFF803 /* Sources */ = {
			isa = PBXSourcesBuildPhase;
			buildActionMask = 2147483647;
			files = (
				8B1DC8F527AB3168000751E8 /* Rect.cpp in Sources */,
				8B1B5ECA27A039A300381E61 /* Keyboard.cpp in Sources */,
				8BC0354627B2A26F00CF431D /* Board.cpp in Sources */,
				8B11CFA427BEB91600BA1685 /* MineSweeper.cpp in Sources */,
				8BC0354327B29F0400CF431D /* SnakeGame.cpp in Sources */,
				8BF8EAB027AC7F6B003C0C9E /* Dude.cpp in Sources */,
				8B1DC8F227AB2FFE000751E8 /* dVec2.cpp in Sources */,
				8B4FBEF127B95FBC005744D4 /* Paddle.cpp in Sources */,
				8B4FB6FF279C361F00FFF803 /* main.cpp in Sources */,
				8B5F5B6127B3CDD800B2FA06 /* Random.cpp in Sources */,
				8B69CE1527B1EBD50037690C /* Timer.cpp in Sources */,
				8B42B22327D0FCE2002814B9 /* Animation.cpp in Sources */,
				8B4FBEEE27B95FB3005744D4 /* Ball.cpp in Sources */,
				8BF8EAB327AC7FCA003C0C9E /* Poo.cpp in Sources */,
				8B202A9C27ADF81D0081D9E1 /* Goal.cpp in Sources */,
				8BC30D60279D8AD600207324 /* Graphics.cpp in Sources */,
				8B16931927ABF86A00A8F9C3 /* PooGame.cpp in Sources */,
				8BC0355227B3270700CF431D /* iVec2.cpp in Sources */,
				8B11CFAA27BEBFCC00BA1685 /* MineField.cpp in Sources */,
				8BE8F03327A19CB5000E044C /* MainWindow.cpp in Sources */,
				8B4FBEEB27B95FAA005744D4 /* Arcanoid.cpp in Sources */,
				8B42B22927D1741A002814B9 /* Font.cpp in Sources */,
				8BC0354927B2C6B700CF431D /* Snake.cpp in Sources */,
				8BD62F5727A1F310000B5A59 /* Mouse.cpp in Sources */,
				8B42B22627D104DA002814B9 /* Character.cpp in Sources */,
				8B4FBEF427B95FC4005744D4 /* Brick.cpp in Sources */,
				8BBC6287279C438700C57020 /* Game.cpp in Sources */,
				8B11CFA727BEBC9B00BA1685 /* SpriteCodex.cpp in Sources */,
				8B24692F27CE41FD00611B2E /* Surface.cpp in Sources */,
			);
			runOnlyForDeploymentPostprocessing = 0;
		};
/* End PBXSourcesBuildPhase section */

/* Begin XCBuildConfiguration section */
		8B4FB700279C361F00FFF803 /* Debug */ = {
			isa = XCBuildConfiguration;
			buildSettings = {
				ALWAYS_SEARCH_USER_PATHS = NO;
				CLANG_ANALYZER_NONNULL = YES;
				CLANG_ANALYZER_NUMBER_OBJECT_CONVERSION = YES_AGGRESSIVE;
				CLANG_CXX_LANGUAGE_STANDARD = "gnu++17";
				CLANG_CXX_LIBRARY = "libc++";
				CLANG_ENABLE_MODULES = YES;
				CLANG_ENABLE_OBJC_ARC = YES;
				CLANG_ENABLE_OBJC_WEAK = YES;
				CLANG_WARN_BLOCK_CAPTURE_AUTORELEASING = YES;
				CLANG_WARN_BOOL_CONVERSION = YES;
				CLANG_WARN_COMMA = YES;
				CLANG_WARN_CONSTANT_CONVERSION = YES;
				CLANG_WARN_DEPRECATED_OBJC_IMPLEMENTATIONS = YES;
				CLANG_WARN_DIRECT_OBJC_ISA_USAGE = YES_ERROR;
				CLANG_WARN_DOCUMENTATION_COMMENTS = YES;
				CLANG_WARN_EMPTY_BODY = YES;
				CLANG_WARN_ENUM_CONVERSION = YES;
				CLANG_WARN_INFINITE_RECURSION = YES;
				CLANG_WARN_INT_CONVERSION = YES;
				CLANG_WARN_NON_LITERAL_NULL_CONVERSION = YES;
				CLANG_WARN_OBJC_IMPLICIT_RETAIN_SELF = YES;
				CLANG_WARN_OBJC_LITERAL_CONVERSION = YES;
				CLANG_WARN_OBJC_ROOT_CLASS = YES_ERROR;
				CLANG_WARN_QUOTED_INCLUDE_IN_FRAMEWORK_HEADER = YES;
				CLANG_WARN_RANGE_LOOP_ANALYSIS = YES;
				CLANG_WARN_STRICT_PROTOTYPES = YES;
				CLANG_WARN_SUSPICIOUS_MOVE = YES;
				CLANG_WARN_UNGUARDED_AVAILABILITY = YES_AGGRESSIVE;
				CLANG_WARN_UNREACHABLE_CODE = YES;
				CLANG_WARN__DUPLICATE_METHOD_MATCH = YES;
				COPY_PHASE_STRIP = NO;
				DEBUG_INFORMATION_FORMAT = dwarf;
				ENABLE_STRICT_OBJC_MSGSEND = YES;
				ENABLE_TESTABILITY = YES;
				GCC_C_LANGUAGE_STANDARD = gnu11;
				GCC_DYNAMIC_NO_PIC = NO;
				GCC_NO_COMMON_BLOCKS = YES;
				GCC_OPTIMIZATION_LEVEL = 0;
				GCC_PREPROCESSOR_DEFINITIONS = (
					"DEBUG=1",
					"$(inherited)",
				);
				GCC_WARN_64_TO_32_BIT_CONVERSION = YES;
				GCC_WARN_ABOUT_RETURN_TYPE = YES_ERROR;
				GCC_WARN_UNDECLARED_SELECTOR = YES;
				GCC_WARN_UNINITIALIZED_AUTOS = YES_AGGRESSIVE;
				GCC_WARN_UNUSED_FUNCTION = YES;
				GCC_WARN_UNUSED_VARIABLE = YES;
				MACOSX_DEPLOYMENT_TARGET = 11.4;
				MTL_ENABLE_DEBUG_INFO = INCLUDE_SOURCE;
				MTL_FAST_MATH = YES;
				ONLY_ACTIVE_ARCH = YES;
				SDKROOT = macosx;
			};
			name = Debug;
		};
		8B4FB701279C361F00FFF803 /* Release */ = {
			isa = XCBuildConfiguration;
			buildSettings = {
				ALWAYS_SEARCH_USER_PATHS = NO;
				CLANG_ANALYZER_NONNULL = YES;
				CLANG_ANALYZER_NUMBER_OBJECT_CONVERSION = YES_AGGRESSIVE;
				CLANG_CXX_LANGUAGE_STANDARD = "gnu++17";
				CLANG_CXX_LIBRARY = "libc++";
				CLANG_ENABLE_MODULES = YES;
				CLANG_ENABLE_OBJC_ARC = YES;
				CLANG_ENABLE_OBJC_WEAK = YES;
				CLANG_WARN_BLOCK_CAPTURE_AUTORELEASING = YES;
				CLANG_WARN_BOOL_CONVERSION = YES;
				CLANG_WARN_COMMA = YES;
				CLANG_WARN_CONSTANT_CONVERSION = YES;
				CLANG_WARN_DEPRECATED_OBJC_IMPLEMENTATIONS = YES;
				CLANG_WARN_DIRECT_OBJC_ISA_USAGE = YES_ERROR;
				CLANG_WARN_DOCUMENTATION_COMMENTS = YES;
				CLANG_WARN_EMPTY_BODY = YES;
				CLANG_WARN_ENUM_CONVERSION = YES;
				CLANG_WARN_INFINITE_RECURSION = YES;
				CLANG_WARN_INT_CONVERSION = YES;
				CLANG_WARN_NON_LITERAL_NULL_CONVERSION = YES;
				CLANG_WARN_OBJC_IMPLICIT_RETAIN_SELF = YES;
				CLANG_WARN_OBJC_LITERAL_CONVERSION = YES;
				CLANG_WARN_OBJC_ROOT_CLASS = YES_ERROR;
				CLANG_WARN_QUOTED_INCLUDE_IN_FRAMEWORK_HEADER = YES;
				CLANG_WARN_RANGE_LOOP_ANALYSIS = YES;
				CLANG_WARN_STRICT_PROTOTYPES = YES;
				CLANG_WARN_SUSPICIOUS_MOVE = YES;
				CLANG_WARN_UNGUARDED_AVAILABILITY = YES_AGGRESSIVE;
				CLANG_WARN_UNREACHABLE_CODE = YES;
				CLANG_WARN__DUPLICATE_METHOD_MATCH = YES;
				COPY_PHASE_STRIP = NO;
				DEBUG_INFORMATION_FORMAT = "dwarf-with-dsym";
				ENABLE_NS_ASSERTIONS = NO;
				ENABLE_STRICT_OBJC_MSGSEND = YES;
				GCC_C_LANGUAGE_STANDARD = gnu11;
				GCC_NO_COMMON_BLOCKS = YES;
				GCC_WARN_64_TO_32_BIT_CONVERSION = YES;
				GCC_WARN_ABOUT_RETURN_TYPE = YES_ERROR;
				GCC_WARN_UNDECLARED_SELECTOR = YES;
				GCC_WARN_UNINITIALIZED_AUTOS = YES_AGGRESSIVE;
				GCC_WARN_UNUSED_FUNCTION = YES;
				GCC_WARN_UNUSED_VARIABLE = YES;
				MACOSX_DEPLOYMENT_TARGET = 11.4;
				MTL_ENABLE_DEBUG_INFO = NO;
				MTL_FAST_MATH = YES;
				SDKROOT = macosx;
			};
			name = Release;
		};
		8B4FB703279C361F00FFF803 /* Debug */ = {
			isa = XCBuildConfiguration;
			buildSettings = {
				CODE_SIGN_STYLE = Automatic;
				FRAMEWORK_SEARCH_PATHS = (
					/Library/Frameworks,
					"$(LOCAL_LIBRARY_DIR)/Frameworks",
				);
				HEADER_SEARCH_PATHS = /Library/Frameworks/SDL2.framework/Headers;
				PRODUCT_NAME = "$(TARGET_NAME)";
			};
			name = Debug;
		};
		8B4FB704279C361F00FFF803 /* Release */ = {
			isa = XCBuildConfiguration;
			buildSettings = {
				CODE_SIGN_STYLE = Automatic;
				FRAMEWORK_SEARCH_PATHS = (
					/Library/Frameworks,
					"$(LOCAL_LIBRARY_DIR)/Frameworks",
				);
				HEADER_SEARCH_PATHS = /Library/Frameworks/SDL2.framework/Headers;
				PRODUCT_NAME = "$(TARGET_NAME)";
			};
			name = Release;
		};
/* End XCBuildConfiguration section */

/* Begin XCConfigurationList section */
		8B4FB6F6279C361F00FFF803 /* Build configuration list for PBXProject "SDLtest" */ = {
			isa = XCConfigurationList;
			buildConfigurations = (
				8B4FB700279C361F00FFF803 /* Debug */,
				8B4FB701279C361F00FFF803 /* Release */,
			);
			defaultConfigurationIsVisible = 0;
			defaultConfigurationName = Release;
		};
		8B4FB702279C361F00FFF803 /* Build configuration list for PBXNativeTarget "SDLtest" */ = {
			isa = XCConfigurationList;
			buildConfigurations = (
				8B4FB703279C361F00FFF803 /* Debug */,
				8B4FB704279C361F00FFF803 /* Release */,
			);
			defaultConfigurationIsVisible = 0;
			defaultConfigurationName = Release;
		};
/* End XCConfigurationList section */
	};
	rootObject = 8B4FB6F3279C361F00FFF803 /* Project object */;
}
